// !$*UTF8*$!
{
	archiveVersion = 1;
	classes = {
	};
	objectVersion = 56;
	objects = {

/* Begin PBXBuildFile section */
		B617E05D2B575C1000EC15FB /* Launch Screen.storyboard in Resources */ = {isa = PBXBuildFile; fileRef = B617E05C2B575C1000EC15FB /* Launch Screen.storyboard */; };
		B660ADED2B5794F3003B663F /* OnboardingView.swift in Sources */ = {isa = PBXBuildFile; fileRef = B660ADEC2B5794F3003B663F /* OnboardingView.swift */; };
		B660ADF32B5796B7003B663F /* InitialView.swift in Sources */ = {isa = PBXBuildFile; fileRef = B660ADF22B5796B7003B663F /* InitialView.swift */; };
		B660ADF62B579783003B663F /* AppUserDefaults.swift in Sources */ = {isa = PBXBuildFile; fileRef = B660ADF52B579783003B663F /* AppUserDefaults.swift */; };
		B660ADF82B57BD0E003B663F /* HomeView.swift in Sources */ = {isa = PBXBuildFile; fileRef = B660ADF72B57BD0E003B663F /* HomeView.swift */; };
		B660ADFA2B57D208003B663F /* AppTabItemView.swift in Sources */ = {isa = PBXBuildFile; fileRef = B660ADF92B57D208003B663F /* AppTabItemView.swift */; };
		B6A5AFD22B56824B00B3706C /* RimorkiApp.swift in Sources */ = {isa = PBXBuildFile; fileRef = B6A5AFD12B56824B00B3706C /* RimorkiApp.swift */; };
		B6A5AFD62B56824E00B3706C /* Assets.xcassets in Resources */ = {isa = PBXBuildFile; fileRef = B6A5AFD52B56824E00B3706C /* Assets.xcassets */; };
		B6A5AFD92B56824E00B3706C /* Preview Assets.xcassets in Resources */ = {isa = PBXBuildFile; fileRef = B6A5AFD82B56824E00B3706C /* Preview Assets.xcassets */; };
		B6BA80002B593B5600A112F9 /* FavoriteView.swift in Sources */ = {isa = PBXBuildFile; fileRef = B6BA7FFF2B593B5600A112F9 /* FavoriteView.swift */; };
		B6BA80032B59451200A112F9 /* CollectionView+Ext.swift in Sources */ = {isa = PBXBuildFile; fileRef = B6BA80022B59451200A112F9 /* CollectionView+Ext.swift */; };
		B6BA80052B594D3700A112F9 /* NavigationView+Ext.swift in Sources */ = {isa = PBXBuildFile; fileRef = B6BA80042B594D3700A112F9 /* NavigationView+Ext.swift */; };
		B6BA80092B59565500A112F9 /* UIFont+Ext.swift in Sources */ = {isa = PBXBuildFile; fileRef = B6BA80082B59565500A112F9 /* UIFont+Ext.swift */; };
		B6BA800B2B59688300A112F9 /* KeyboardNotification+Ext.swift in Sources */ = {isa = PBXBuildFile; fileRef = B6BA800A2B59688300A112F9 /* KeyboardNotification+Ext.swift */; };
		B6E15E802B58B9CC0007A538 /* DashboardView.swift in Sources */ = {isa = PBXBuildFile; fileRef = B6E15E7F2B58B9CC0007A538 /* DashboardView.swift */; };
/* End PBXBuildFile section */

/* Begin PBXFileReference section */
		B617E05C2B575C1000EC15FB /* Launch Screen.storyboard */ = {isa = PBXFileReference; lastKnownFileType = file.storyboard; path = "Launch Screen.storyboard"; sourceTree = "<group>"; };
		B660ADEC2B5794F3003B663F /* OnboardingView.swift */ = {isa = PBXFileReference; lastKnownFileType = sourcecode.swift; path = OnboardingView.swift; sourceTree = "<group>"; };
		B660ADF22B5796B7003B663F /* InitialView.swift */ = {isa = PBXFileReference; lastKnownFileType = sourcecode.swift; path = InitialView.swift; sourceTree = "<group>"; };
		B660ADF52B579783003B663F /* AppUserDefaults.swift */ = {isa = PBXFileReference; lastKnownFileType = sourcecode.swift; path = AppUserDefaults.swift; sourceTree = "<group>"; };
		B660ADF72B57BD0E003B663F /* HomeView.swift */ = {isa = PBXFileReference; lastKnownFileType = sourcecode.swift; path = HomeView.swift; sourceTree = "<group>"; };
		B660ADF92B57D208003B663F /* AppTabItemView.swift */ = {isa = PBXFileReference; lastKnownFileType = sourcecode.swift; path = AppTabItemView.swift; sourceTree = "<group>"; };
		B6A5AFCE2B56824B00B3706C /* Rimorki.app */ = {isa = PBXFileReference; explicitFileType = wrapper.application; includeInIndex = 0; path = Rimorki.app; sourceTree = BUILT_PRODUCTS_DIR; };
		B6A5AFD12B56824B00B3706C /* RimorkiApp.swift */ = {isa = PBXFileReference; lastKnownFileType = sourcecode.swift; path = RimorkiApp.swift; sourceTree = "<group>"; };
		B6A5AFD52B56824E00B3706C /* Assets.xcassets */ = {isa = PBXFileReference; lastKnownFileType = folder.assetcatalog; path = Assets.xcassets; sourceTree = "<group>"; };
		B6A5AFD82B56824E00B3706C /* Preview Assets.xcassets */ = {isa = PBXFileReference; lastKnownFileType = folder.assetcatalog; path = "Preview Assets.xcassets"; sourceTree = "<group>"; };
		B6BA7FFF2B593B5600A112F9 /* FavoriteView.swift */ = {isa = PBXFileReference; lastKnownFileType = sourcecode.swift; path = FavoriteView.swift; sourceTree = "<group>"; };
		B6BA80022B59451200A112F9 /* CollectionView+Ext.swift */ = {isa = PBXFileReference; lastKnownFileType = sourcecode.swift; path = "CollectionView+Ext.swift"; sourceTree = "<group>"; };
		B6BA80042B594D3700A112F9 /* NavigationView+Ext.swift */ = {isa = PBXFileReference; lastKnownFileType = sourcecode.swift; path = "NavigationView+Ext.swift"; sourceTree = "<group>"; };
		B6BA80082B59565500A112F9 /* UIFont+Ext.swift */ = {isa = PBXFileReference; lastKnownFileType = sourcecode.swift; path = "UIFont+Ext.swift"; sourceTree = "<group>"; };
		B6BA800A2B59688300A112F9 /* KeyboardNotification+Ext.swift */ = {isa = PBXFileReference; lastKnownFileType = sourcecode.swift; path = "KeyboardNotification+Ext.swift"; sourceTree = "<group>"; };
		B6E15E7F2B58B9CC0007A538 /* DashboardView.swift */ = {isa = PBXFileReference; lastKnownFileType = sourcecode.swift; path = DashboardView.swift; sourceTree = "<group>"; };
/* End PBXFileReference section */

/* Begin PBXFrameworksBuildPhase section */
		B6A5AFCB2B56824B00B3706C /* Frameworks */ = {
			isa = PBXFrameworksBuildPhase;
			buildActionMask = 2147483647;
			files = (
			);
			runOnlyForDeploymentPostprocessing = 0;
		};
/* End PBXFrameworksBuildPhase section */

/* Begin PBXGroup section */
		B617E05E2B575CFE00EC15FB /* Resources */ = {
			isa = PBXGroup;
			children = (
				B6A5AFD52B56824E00B3706C /* Assets.xcassets */,
				B617E05C2B575C1000EC15FB /* Launch Screen.storyboard */,
			);
			path = Resources;
			sourceTree = "<group>";
		};
		B623C8B02B5775A50081F837 /* Features */ = {
			isa = PBXGroup;
			children = (
				B6BA7FFC2B593B3200A112F9 /* Favorite */,
				B6E15E7D2B58B9B60007A538 /* Dashboard */,
				B660ADF02B57967F003B663F /* Initial */,
				B660ADEE2B579664003B663F /* Home */,
				B660ADEA2B5794CF003B663F /* Onboarding */,
			);
			path = Features;
			sourceTree = "<group>";
		};
		B660ADEA2B5794CF003B663F /* Onboarding */ = {
			isa = PBXGroup;
			children = (
				B660ADEB2B5794DE003B663F /* Views */,
			);
			path = Onboarding;
			sourceTree = "<group>";
		};
		B660ADEB2B5794DE003B663F /* Views */ = {
			isa = PBXGroup;
			children = (
				B660ADEC2B5794F3003B663F /* OnboardingView.swift */,
			);
			path = Views;
			sourceTree = "<group>";
		};
		B660ADEE2B579664003B663F /* Home */ = {
			isa = PBXGroup;
			children = (
				B660ADEF2B579669003B663F /* Views */,
			);
			path = Home;
			sourceTree = "<group>";
		};
		B660ADEF2B579669003B663F /* Views */ = {
			isa = PBXGroup;
			children = (
				B660ADF72B57BD0E003B663F /* HomeView.swift */,
				B660ADF92B57D208003B663F /* AppTabItemView.swift */,
			);
			path = Views;
			sourceTree = "<group>";
		};
		B660ADF02B57967F003B663F /* Initial */ = {
			isa = PBXGroup;
			children = (
				B660ADF12B57968A003B663F /* Views */,
			);
			path = Initial;
			sourceTree = "<group>";
		};
		B660ADF12B57968A003B663F /* Views */ = {
			isa = PBXGroup;
			children = (
				B660ADF22B5796B7003B663F /* InitialView.swift */,
			);
			path = Views;
			sourceTree = "<group>";
		};
		B660ADF42B57976F003B663F /* Shared */ = {
			isa = PBXGroup;
			children = (
				B6B4D6872B58DED3007EFA73 /* Models */,
				B6B4D6842B58DBA2007EFA73 /* Views */,
				B660ADF52B579783003B663F /* AppUserDefaults.swift */,
			);
			path = Shared;
			sourceTree = "<group>";
		};
		B660ADFB2B57D8B2003B663F /* Application */ = {
			isa = PBXGroup;
			children = (
				B6A5AFD12B56824B00B3706C /* RimorkiApp.swift */,
			);
			path = Application;
			sourceTree = "<group>";
		};
		B6A5AFC52B56824B00B3706C = {
			isa = PBXGroup;
			children = (
				B6A5AFD02B56824B00B3706C /* Rimorki */,
				B6A5AFCF2B56824B00B3706C /* Products */,
			);
			sourceTree = "<group>";
		};
		B6A5AFCF2B56824B00B3706C /* Products */ = {
			isa = PBXGroup;
			children = (
				B6A5AFCE2B56824B00B3706C /* Rimorki.app */,
			);
			name = Products;
			sourceTree = "<group>";
		};
		B6A5AFD02B56824B00B3706C /* Rimorki */ = {
			isa = PBXGroup;
			children = (
				B660ADFB2B57D8B2003B663F /* Application */,
				B623C8B02B5775A50081F837 /* Features */,
				B660ADF42B57976F003B663F /* Shared */,
				B6BA80012B5944EA00A112F9 /* Extensions */,
				B617E05E2B575CFE00EC15FB /* Resources */,
				B6A5AFD72B56824E00B3706C /* Preview Content */,
			);
			path = Rimorki;
			sourceTree = "<group>";
		};
		B6A5AFD72B56824E00B3706C /* Preview Content */ = {
			isa = PBXGroup;
			children = (
				B6A5AFD82B56824E00B3706C /* Preview Assets.xcassets */,
			);
			path = "Preview Content";
			sourceTree = "<group>";
		};
		B6B4D6842B58DBA2007EFA73 /* Views */ = {
			isa = PBXGroup;
			children = (
			);
			path = Views;
			sourceTree = "<group>";
		};
		B6B4D6872B58DED3007EFA73 /* Models */ = {
			isa = PBXGroup;
			children = (
			);
			path = Models;
			sourceTree = "<group>";
		};
		B6BA7FFC2B593B3200A112F9 /* Favorite */ = {
			isa = PBXGroup;
			children = (
				B6BA7FFD2B593B3C00A112F9 /* Views */,
			);
			path = Favorite;
			sourceTree = "<group>";
		};
		B6BA7FFD2B593B3C00A112F9 /* Views */ = {
			isa = PBXGroup;
			children = (
				B6BA7FFF2B593B5600A112F9 /* FavoriteView.swift */,
			);
			path = Views;
			sourceTree = "<group>";
		};
		B6BA80012B5944EA00A112F9 /* Extensions */ = {
			isa = PBXGroup;
			children = (
				B6BA80022B59451200A112F9 /* CollectionView+Ext.swift */,
				B6BA80042B594D3700A112F9 /* NavigationView+Ext.swift */,
				B6BA80082B59565500A112F9 /* UIFont+Ext.swift */,
				B6BA800A2B59688300A112F9 /* KeyboardNotification+Ext.swift */,
			);
			path = Extensions;
			sourceTree = "<group>";
		};
		B6E15E7D2B58B9B60007A538 /* Dashboard */ = {
			isa = PBXGroup;
			children = (
				B6E15E7E2B58B9BC0007A538 /* Views */,
			);
			path = Dashboard;
			sourceTree = "<group>";
		};
		B6E15E7E2B58B9BC0007A538 /* Views */ = {
			isa = PBXGroup;
			children = (
				B6E15E7F2B58B9CC0007A538 /* DashboardView.swift */,
			);
			path = Views;
			sourceTree = "<group>";
		};
/* End PBXGroup section */

/* Begin PBXNativeTarget section */
		B6A5AFCD2B56824B00B3706C /* Rimorki */ = {
			isa = PBXNativeTarget;
			buildConfigurationList = B6A5AFDC2B56824E00B3706C /* Build configuration list for PBXNativeTarget "Rimorki" */;
			buildPhases = (
				B6A5AFCA2B56824B00B3706C /* Sources */,
				B6A5AFCB2B56824B00B3706C /* Frameworks */,
				B6A5AFCC2B56824B00B3706C /* Resources */,
			);
			buildRules = (
			);
			dependencies = (
			);
			name = Rimorki;
			productName = Rimorki;
			productReference = B6A5AFCE2B56824B00B3706C /* Rimorki.app */;
			productType = "com.apple.product-type.application";
		};
/* End PBXNativeTarget section */

/* Begin PBXProject section */
		B6A5AFC62B56824B00B3706C /* Project object */ = {
			isa = PBXProject;
			attributes = {
				BuildIndependentTargetsInParallel = 1;
				LastSwiftUpdateCheck = 1520;
				LastUpgradeCheck = 1520;
				TargetAttributes = {
					B6A5AFCD2B56824B00B3706C = {
						CreatedOnToolsVersion = 15.2;
					};
				};
			};
			buildConfigurationList = B6A5AFC92B56824B00B3706C /* Build configuration list for PBXProject "Rimorki" */;
			compatibilityVersion = "Xcode 14.0";
			developmentRegion = en;
			hasScannedForEncodings = 0;
			knownRegions = (
				en,
				Base,
			);
			mainGroup = B6A5AFC52B56824B00B3706C;
			productRefGroup = B6A5AFCF2B56824B00B3706C /* Products */;
			projectDirPath = "";
			projectRoot = "";
			targets = (
				B6A5AFCD2B56824B00B3706C /* Rimorki */,
			);
		};
/* End PBXProject section */

/* Begin PBXResourcesBuildPhase section */
		B6A5AFCC2B56824B00B3706C /* Resources */ = {
			isa = PBXResourcesBuildPhase;
			buildActionMask = 2147483647;
			files = (
				B617E05D2B575C1000EC15FB /* Launch Screen.storyboard in Resources */,
				B6A5AFD92B56824E00B3706C /* Preview Assets.xcassets in Resources */,
				B6A5AFD62B56824E00B3706C /* Assets.xcassets in Resources */,
			);
			runOnlyForDeploymentPostprocessing = 0;
		};
/* End PBXResourcesBuildPhase section */

/* Begin PBXSourcesBuildPhase section */
		B6A5AFCA2B56824B00B3706C /* Sources */ = {
			isa = PBXSourcesBuildPhase;
			buildActionMask = 2147483647;
			files = (
				B6BA80002B593B5600A112F9 /* FavoriteView.swift in Sources */,
				B660ADED2B5794F3003B663F /* OnboardingView.swift in Sources */,
				B6BA80092B59565500A112F9 /* UIFont+Ext.swift in Sources */,
				B660ADF32B5796B7003B663F /* InitialView.swift in Sources */,
				B660ADF62B579783003B663F /* AppUserDefaults.swift in Sources */,
				B6BA80052B594D3700A112F9 /* NavigationView+Ext.swift in Sources */,
				B6E15E802B58B9CC0007A538 /* DashboardView.swift in Sources */,
				B660ADF82B57BD0E003B663F /* HomeView.swift in Sources */,
				B6A5AFD22B56824B00B3706C /* RimorkiApp.swift in Sources */,
				B6BA800B2B59688300A112F9 /* KeyboardNotification+Ext.swift in Sources */,
				B6BA80032B59451200A112F9 /* CollectionView+Ext.swift in Sources */,
				B660ADFA2B57D208003B663F /* AppTabItemView.swift in Sources */,
			);
			runOnlyForDeploymentPostprocessing = 0;
		};
/* End PBXSourcesBuildPhase section */

/* Begin XCBuildConfiguration section */
		B6A5AFDA2B56824E00B3706C /* Debug */ = {
			isa = XCBuildConfiguration;
			buildSettings = {
				ALWAYS_SEARCH_USER_PATHS = NO;
				ASSETCATALOG_COMPILER_GENERATE_SWIFT_ASSET_SYMBOL_EXTENSIONS = YES;
				CLANG_ANALYZER_NONNULL = YES;
				CLANG_ANALYZER_NUMBER_OBJECT_CONVERSION = YES_AGGRESSIVE;
				CLANG_CXX_LANGUAGE_STANDARD = "gnu++20";
				CLANG_ENABLE_MODULES = YES;
				CLANG_ENABLE_OBJC_ARC = YES;
				CLANG_ENABLE_OBJC_WEAK = YES;
				CLANG_WARN_BLOCK_CAPTURE_AUTORELEASING = YES;
				CLANG_WARN_BOOL_CONVERSION = YES;
				CLANG_WARN_COMMA = YES;
				CLANG_WARN_CONSTANT_CONVERSION = YES;
				CLANG_WARN_DEPRECATED_OBJC_IMPLEMENTATIONS = YES;
				CLANG_WARN_DIRECT_OBJC_ISA_USAGE = YES_ERROR;
				CLANG_WARN_DOCUMENTATION_COMMENTS = YES;
				CLANG_WARN_EMPTY_BODY = YES;
				CLANG_WARN_ENUM_CONVERSION = YES;
				CLANG_WARN_INFINITE_RECURSION = YES;
				CLANG_WARN_INT_CONVERSION = YES;
				CLANG_WARN_NON_LITERAL_NULL_CONVERSION = YES;
				CLANG_WARN_OBJC_IMPLICIT_RETAIN_SELF = YES;
				CLANG_WARN_OBJC_LITERAL_CONVERSION = YES;
				CLANG_WARN_OBJC_ROOT_CLASS = YES_ERROR;
				CLANG_WARN_QUOTED_INCLUDE_IN_FRAMEWORK_HEADER = YES;
				CLANG_WARN_RANGE_LOOP_ANALYSIS = YES;
				CLANG_WARN_STRICT_PROTOTYPES = YES;
				CLANG_WARN_SUSPICIOUS_MOVE = YES;
				CLANG_WARN_UNGUARDED_AVAILABILITY = YES_AGGRESSIVE;
				CLANG_WARN_UNREACHABLE_CODE = YES;
				CLANG_WARN__DUPLICATE_METHOD_MATCH = YES;
				COPY_PHASE_STRIP = NO;
				DEBUG_INFORMATION_FORMAT = dwarf;
				ENABLE_STRICT_OBJC_MSGSEND = YES;
				ENABLE_TESTABILITY = YES;
				ENABLE_USER_SCRIPT_SANDBOXING = NO;
				GCC_C_LANGUAGE_STANDARD = gnu17;
				GCC_DYNAMIC_NO_PIC = NO;
				GCC_NO_COMMON_BLOCKS = YES;
				GCC_OPTIMIZATION_LEVEL = 0;
				GCC_PREPROCESSOR_DEFINITIONS = (
					"DEBUG=1",
					"$(inherited)",
				);
				GCC_WARN_64_TO_32_BIT_CONVERSION = YES;
				GCC_WARN_ABOUT_RETURN_TYPE = YES_ERROR;
				GCC_WARN_UNDECLARED_SELECTOR = YES;
				GCC_WARN_UNINITIALIZED_AUTOS = YES_AGGRESSIVE;
				GCC_WARN_UNUSED_FUNCTION = YES;
				GCC_WARN_UNUSED_VARIABLE = YES;
				IPHONEOS_DEPLOYMENT_TARGET = 17.2;
				LOCALIZATION_PREFERS_STRING_CATALOGS = YES;
				MTL_ENABLE_DEBUG_INFO = INCLUDE_SOURCE;
				MTL_FAST_MATH = YES;
				ONLY_ACTIVE_ARCH = YES;
				SDKROOT = iphoneos;
				SWIFT_ACTIVE_COMPILATION_CONDITIONS = "DEBUG $(inherited)";
				SWIFT_OPTIMIZATION_LEVEL = "-Onone";
			};
			name = Debug;
		};
		B6A5AFDB2B56824E00B3706C /* Release */ = {
			isa = XCBuildConfiguration;
			buildSettings = {
				ALWAYS_SEARCH_USER_PATHS = NO;
				ASSETCATALOG_COMPILER_GENERATE_SWIFT_ASSET_SYMBOL_EXTENSIONS = YES;
				CLANG_ANALYZER_NONNULL = YES;
				CLANG_ANALYZER_NUMBER_OBJECT_CONVERSION = YES_AGGRESSIVE;
				CLANG_CXX_LANGUAGE_STANDARD = "gnu++20";
				CLANG_ENABLE_MODULES = YES;
				CLANG_ENABLE_OBJC_ARC = YES;
				CLANG_ENABLE_OBJC_WEAK = YES;
				CLANG_WARN_BLOCK_CAPTURE_AUTORELEASING = YES;
				CLANG_WARN_BOOL_CONVERSION = YES;
				CLANG_WARN_COMMA = YES;
				CLANG_WARN_CONSTANT_CONVERSION = YES;
				CLANG_WARN_DEPRECATED_OBJC_IMPLEMENTATIONS = YES;
				CLANG_WARN_DIRECT_OBJC_ISA_USAGE = YES_ERROR;
				CLANG_WARN_DOCUMENTATION_COMMENTS = YES;
				CLANG_WARN_EMPTY_BODY = YES;
				CLANG_WARN_ENUM_CONVERSION = YES;
				CLANG_WARN_INFINITE_RECURSION = YES;
				CLANG_WARN_INT_CONVERSION = YES;
				CLANG_WARN_NON_LITERAL_NULL_CONVERSION = YES;
				CLANG_WARN_OBJC_IMPLICIT_RETAIN_SELF = YES;
				CLANG_WARN_OBJC_LITERAL_CONVERSION = YES;
				CLANG_WARN_OBJC_ROOT_CLASS = YES_ERROR;
				CLANG_WARN_QUOTED_INCLUDE_IN_FRAMEWORK_HEADER = YES;
				CLANG_WARN_RANGE_LOOP_ANALYSIS = YES;
				CLANG_WARN_STRICT_PROTOTYPES = YES;
				CLANG_WARN_SUSPICIOUS_MOVE = YES;
				CLANG_WARN_UNGUARDED_AVAILABILITY = YES_AGGRESSIVE;
				CLANG_WARN_UNREACHABLE_CODE = YES;
				CLANG_WARN__DUPLICATE_METHOD_MATCH = YES;
				COPY_PHASE_STRIP = NO;
				DEBUG_INFORMATION_FORMAT = "dwarf-with-dsym";
				ENABLE_NS_ASSERTIONS = NO;
				ENABLE_STRICT_OBJC_MSGSEND = YES;
				ENABLE_USER_SCRIPT_SANDBOXING = NO;
				GCC_C_LANGUAGE_STANDARD = gnu17;
				GCC_NO_COMMON_BLOCKS = YES;
				GCC_WARN_64_TO_32_BIT_CONVERSION = YES;
				GCC_WARN_ABOUT_RETURN_TYPE = YES_ERROR;
				GCC_WARN_UNDECLARED_SELECTOR = YES;
				GCC_WARN_UNINITIALIZED_AUTOS = YES_AGGRESSIVE;
				GCC_WARN_UNUSED_FUNCTION = YES;
				GCC_WARN_UNUSED_VARIABLE = YES;
				IPHONEOS_DEPLOYMENT_TARGET = 17.2;
				LOCALIZATION_PREFERS_STRING_CATALOGS = YES;
				MTL_ENABLE_DEBUG_INFO = NO;
				MTL_FAST_MATH = YES;
				SDKROOT = iphoneos;
				SWIFT_COMPILATION_MODE = wholemodule;
				VALIDATE_PRODUCT = YES;
			};
			name = Release;
		};
		B6A5AFDD2B56824E00B3706C /* Debug */ = {
			isa = XCBuildConfiguration;
			buildSettings = {
				ASSETCATALOG_COMPILER_APPICON_NAME = AppIcon;
				ASSETCATALOG_COMPILER_GLOBAL_ACCENT_COLOR_NAME = AccentColor;
				CODE_SIGN_STYLE = Automatic;
				CURRENT_PROJECT_VERSION = 1;
				DEVELOPMENT_ASSET_PATHS = "\"Rimorki/Preview Content\"";
				DEVELOPMENT_TEAM = 2N64875GLV;
				ENABLE_PREVIEWS = YES;
				GENERATE_INFOPLIST_FILE = YES;
				INFOPLIST_KEY_UIApplicationSceneManifest_Generation = YES;
				INFOPLIST_KEY_UIApplicationSupportsIndirectInputEvents = YES;
				INFOPLIST_KEY_UILaunchScreen_Generation = YES;
				INFOPLIST_KEY_UILaunchStoryboardName = "Launch Screen.storyboard";
				INFOPLIST_KEY_UISupportedInterfaceOrientations = UIInterfaceOrientationPortrait;
				INFOPLIST_KEY_UISupportedInterfaceOrientations_iPad = "UIInterfaceOrientationPortrait UIInterfaceOrientationPortraitUpsideDown";
				IPHONEOS_DEPLOYMENT_TARGET = 15.0;
				LD_RUNPATH_SEARCH_PATHS = (
					"$(inherited)",
					"@executable_path/Frameworks",
				);
				MARKETING_VERSION = 1.0;
				PRODUCT_BUNDLE_IDENTIFIER = com.github.bengidev.Rimorki;
				PRODUCT_NAME = "$(TARGET_NAME)";
				SUPPORTED_PLATFORMS = "iphoneos iphonesimulator";
				SUPPORTS_MACCATALYST = NO;
				SUPPORTS_MAC_DESIGNED_FOR_IPHONE_IPAD = NO;
				SUPPORTS_XR_DESIGNED_FOR_IPHONE_IPAD = NO;
				SWIFT_EMIT_LOC_STRINGS = YES;
				SWIFT_VERSION = 5.0;
				TARGETED_DEVICE_FAMILY = "1,2";
			};
			name = Debug;
		};
		B6A5AFDE2B56824E00B3706C /* Release */ = {
			isa = XCBuildConfiguration;
			buildSettings = {
				ASSETCATALOG_COMPILER_APPICON_NAME = AppIcon;
				ASSETCATALOG_COMPILER_GLOBAL_ACCENT_COLOR_NAME = AccentColor;
				CODE_SIGN_STYLE = Automatic;
				CURRENT_PROJECT_VERSION = 1;
				DEVELOPMENT_ASSET_PATHS = "\"Rimorki/Preview Content\"";
				DEVELOPMENT_TEAM = 2N64875GLV;
				ENABLE_PREVIEWS = YES;
				GENERATE_INFOPLIST_FILE = YES;
				INFOPLIST_KEY_UIApplicationSceneManifest_Generation = YES;
				INFOPLIST_KEY_UIApplicationSupportsIndirectInputEvents = YES;
				INFOPLIST_KEY_UILaunchScreen_Generation = YES;
				INFOPLIST_KEY_UILaunchStoryboardName = "Launch Screen.storyboard";
				INFOPLIST_KEY_UISupportedInterfaceOrientations = UIInterfaceOrientationPortrait;
				INFOPLIST_KEY_UISupportedInterfaceOrientations_iPad = "UIInterfaceOrientationPortrait UIInterfaceOrientationPortraitUpsideDown";
				IPHONEOS_DEPLOYMENT_TARGET = 15.0;
				LD_RUNPATH_SEARCH_PATHS = (
					"$(inherited)",
					"@executable_path/Frameworks",
				);
				MARKETING_VERSION = 1.0;
				PRODUCT_BUNDLE_IDENTIFIER = com.github.bengidev.Rimorki;
				PRODUCT_NAME = "$(TARGET_NAME)";
				SUPPORTED_PLATFORMS = "iphoneos iphonesimulator";
				SUPPORTS_MACCATALYST = NO;
				SUPPORTS_MAC_DESIGNED_FOR_IPHONE_IPAD = NO;
				SUPPORTS_XR_DESIGNED_FOR_IPHONE_IPAD = NO;
				SWIFT_EMIT_LOC_STRINGS = YES;
				SWIFT_VERSION = 5.0;
				TARGETED_DEVICE_FAMILY = "1,2";
			};
			name = Release;
		};
/* End XCBuildConfiguration section */

/* Begin XCConfigurationList section */
		B6A5AFC92B56824B00B3706C /* Build configuration list for PBXProject "Rimorki" */ = {
			isa = XCConfigurationList;
			buildConfigurations = (
				B6A5AFDA2B56824E00B3706C /* Debug */,
				B6A5AFDB2B56824E00B3706C /* Release */,
			);
			defaultConfigurationIsVisible = 0;
			defaultConfigurationName = Release;
		};
		B6A5AFDC2B56824E00B3706C /* Build configuration list for PBXNativeTarget "Rimorki" */ = {
			isa = XCConfigurationList;
			buildConfigurations = (
				B6A5AFDD2B56824E00B3706C /* Debug */,
				B6A5AFDE2B56824E00B3706C /* Release */,
			);
			defaultConfigurationIsVisible = 0;
			defaultConfigurationName = Release;
		};
/* End XCConfigurationList section */
	};
	rootObject = B6A5AFC62B56824B00B3706C /* Project object */;
}
